// !$*UTF8*$!
{
	archiveVersion = 1;
	classes = {
	};
	objectVersion = 48;
	objects = {

/* Begin PBXBuildFile section */
		FAEE0AA1222B15A600CFCC9F /* main.c in Sources */ = {isa = PBXBuildFile; fileRef = FAEE0AA0222B15A600CFCC9F /* main.c */; };
		FAEE0AA8222B1B6300CFCC9F /* Ejemplo2.c in Sources */ = {isa = PBXBuildFile; fileRef = FAEE0AA7222B1B6300CFCC9F /* Ejemplo2.c */; };
		FAEE0AAA222B1E8900CFCC9F /* Ejemplo3.c in Sources */ = {isa = PBXBuildFile; fileRef = FAEE0AA9222B1E8900CFCC9F /* Ejemplo3.c */; };
/* End PBXBuildFile section */

/* Begin PBXCopyFilesBuildPhase section */
		FAEE0A9B222B15A600CFCC9F /* CopyFiles */ = {
			isa = PBXCopyFilesBuildPhase;
			buildActionMask = 2147483647;
			dstPath = /usr/share/man/man1/;
			dstSubfolderSpec = 0;
			files = (
			);
			runOnlyForDeploymentPostprocessing = 1;
		};
/* End PBXCopyFilesBuildPhase section */

/* Begin PBXFileReference section */
		FAEE0A9D222B15A600CFCC9F /* Practica4 */ = {isa = PBXFileReference; explicitFileType = "compiled.mach-o.executable"; includeInIndex = 0; path = Practica4; sourceTree = BUILT_PRODUCTS_DIR; };
		FAEE0AA0222B15A600CFCC9F /* main.c */ = {isa = PBXFileReference; lastKnownFileType = sourcecode.c.c; path = main.c; sourceTree = "<group>"; };
		FAEE0AA7222B1B6300CFCC9F /* Ejemplo2.c */ = {isa = PBXFileReference; lastKnownFileType = sourcecode.c.c; path = Ejemplo2.c; sourceTree = "<group>"; };
		FAEE0AA9222B1E8900CFCC9F /* Ejemplo3.c */ = {isa = PBXFileReference; lastKnownFileType = sourcecode.c.c; path = Ejemplo3.c; sourceTree = "<group>"; };
/* End PBXFileReference section */

/* Begin PBXFrameworksBuildPhase section */
		FAEE0A9A222B15A600CFCC9F /* Frameworks */ = {
			isa = PBXFrameworksBuildPhase;
			buildActionMask = 2147483647;
			files = (
			);
			runOnlyForDeploymentPostprocessing = 0;
		};
/* End PBXFrameworksBuildPhase section */

/* Begin PBXGroup section */
		FAEE0A94222B15A600CFCC9F = {
			isa = PBXGroup;
			children = (
				FAEE0A9F222B15A600CFCC9F /* Practica4 */,
				FAEE0A9E222B15A600CFCC9F /* Products */,
			);
			sourceTree = "<group>";
		};
		FAEE0A9E222B15A600CFCC9F /* Products */ = {
			isa = PBXGroup;
			children = (
				FAEE0A9D222B15A600CFCC9F /* Practica4 */,
			);
			name = Products;
			sourceTree = "<group>";
		};
		FAEE0A9F222B15A600CFCC9F /* Practica4 */ = {
			isa = PBXGroup;
			children = (
				FAEE0AA0222B15A600CFCC9F /* main.c */,
				FAEE0AA7222B1B6300CFCC9F /* Ejemplo2.c */,
				FAEE0AA9222B1E8900CFCC9F /* Ejemplo3.c */,
			);
			path = Practica4;
			sourceTree = "<group>";
		};
/* End PBXGroup section */

/* Begin PBXNativeTarget section */
		FAEE0A9C222B15A600CFCC9F /* Practica4 */ = {
			isa = PBXNativeTarget;
			buildConfigurationList = FAEE0AA4222B15A600CFCC9F /* Build configuration list for PBXNativeTarget "Practica4" */;
			buildPhases = (
				FAEE0A99222B15A600CFCC9F /* Sources */,
				FAEE0A9A222B15A600CFCC9F /* Frameworks */,
				FAEE0A9B222B15A600CFCC9F /* CopyFiles */,
			);
			buildRules = (
			);
			dependencies = (
			);
			name = Practica4;
			productName = Practica4;
			productReference = FAEE0A9D222B15A600CFCC9F /* Practica4 */;
			productType = "com.apple.product-type.tool";
		};
/* End PBXNativeTarget section */

/* Begin PBXProject section */
		FAEE0A95222B15A600CFCC9F /* Project object */ = {
			isa = PBXProject;
			attributes = {
				LastUpgradeCheck = 0910;
				ORGANIZATIONNAME = Coyote;
				TargetAttributes = {
					FAEE0A9C222B15A600CFCC9F = {
						CreatedOnToolsVersion = 9.1;
						ProvisioningStyle = Automatic;
					};
				};
			};
			buildConfigurationList = FAEE0A98222B15A600CFCC9F /* Build configuration list for PBXProject "Practica4" */;
			compatibilityVersion = "Xcode 8.0";
			developmentRegion = en;
			hasScannedForEncodings = 0;
			knownRegions = (
				en,
			);
			mainGroup = FAEE0A94222B15A600CFCC9F;
			productRefGroup = FAEE0A9E222B15A600CFCC9F /* Products */;
			projectDirPath = "";
			projectRoot = "";
			targets = (
				FAEE0A9C222B15A600CFCC9F /* Practica4 */,
			);
		};
/* End PBXProject section */

/* Begin PBXSourcesBuildPhase section */
		FAEE0A99222B15A600CFCC9F /* Sources */ = {
			isa = PBXSourcesBuildPhase;
			buildActionMask = 2147483647;
			files = (
				FAEE0AA1222B15A600CFCC9F /* main.c in Sources */,
				FAEE0AA8222B1B6300CFCC9F /* Ejemplo2.c in Sources */,
				FAEE0AAA222B1E8900CFCC9F /* Ejemplo3.c in Sources */,
			);
			runOnlyForDeploymentPostprocessing = 0;
		};
/* End PBXSourcesBuildPhase section */

/* Begin XCBuildConfiguration section */
		FAEE0AA2222B15A600CFCC9F /* Debug */ = {
			isa = XCBuildConfiguration;
			buildSettings = {
				ALWAYS_SEARCH_USER_PATHS = NO;
				CLANG_ANALYZER_NONNULL = YES;
				CLANG_ANALYZER_NUMBER_OBJECT_CONVERSION = YES_AGGRESSIVE;
				CLANG_CXX_LANGUAGE_STANDARD = "gnu++14";
				CLANG_CXX_LIBRARY = "libc++";
				CLANG_ENABLE_MODULES = YES;
				CLANG_ENABLE_OBJC_ARC = YES;
				CLANG_WARN_BLOCK_CAPTURE_AUTORELEASING = YES;
				CLANG_WARN_BOOL_CONVERSION = YES;
				CLANG_WARN_COMMA = YES;
				CLANG_WARN_CONSTANT_CONVERSION = YES;
				CLANG_WARN_DIRECT_OBJC_ISA_USAGE = YES_ERROR;
				CLANG_WARN_DOCUMENTATION_COMMENTS = YES;
				CLANG_WARN_EMPTY_BODY = YES;
				CLANG_WARN_ENUM_CONVERSION = YES;
				CLANG_WARN_INFINITE_RECURSION = YES;
				CLANG_WARN_INT_CONVERSION = YES;
				CLANG_WARN_NON_LITERAL_NULL_CONVERSION = YES;
				CLANG_WARN_OBJC_LITERAL_CONVERSION = YES;
				CLANG_WARN_OBJC_ROOT_CLASS = YES_ERROR;
				CLANG_WARN_RANGE_LOOP_ANALYSIS = YES;
				CLANG_WARN_STRICT_PROTOTYPES = YES;
				CLANG_WARN_SUSPICIOUS_MOVE = YES;
				CLANG_WARN_UNGUARDED_AVAILABILITY = YES_AGGRESSIVE;
				CLANG_WARN_UNREACHABLE_CODE = YES;
				CLANG_WARN__DUPLICATE_METHOD_MATCH = YES;
				CODE_SIGN_IDENTITY = "-";
				COPY_PHASE_STRIP = NO;
				DEBUG_INFORMATION_FORMAT = dwarf;
				ENABLE_STRICT_OBJC_MSGSEND = YES;
				ENABLE_TESTABILITY = YES;
				GCC_C_LANGUAGE_STANDARD = gnu11;
				GCC_DYNAMIC_NO_PIC = NO;
				GCC_NO_COMMON_BLOCKS = YES;
				GCC_OPTIMIZATION_LEVEL = 0;
				GCC_PREPROCESSOR_DEFINITIONS = (
					"DEBUG=1",
					"$(inherited)",
				);
				GCC_WARN_64_TO_32_BIT_CONVERSION = YES;
				GCC_WARN_ABOUT_RETURN_TYPE = YES_ERROR;
				GCC_WARN_UNDECLARED_SELECTOR = YES;
				GCC_WARN_UNINITIALIZED_AUTOS = YES_AGGRESSIVE;
				GCC_WARN_UNUSED_FUNCTION = YES;
				GCC_WARN_UNUSED_VARIABLE = YES;
				MACOSX_DEPLOYMENT_TARGET = 10.12;
				MTL_ENABLE_DEBUG_INFO = YES;
				ONLY_ACTIVE_ARCH = YES;
				SDKROOT = macosx;
			};
			name = Debug;
		};
		FAEE0AA3222B15A600CFCC9F /* Release */ = {
			isa = XCBuildConfiguration;
			buildSettings = {
				ALWAYS_SEARCH_USER_PATHS = NO;
				CLANG_ANALYZER_NONNULL = YES;
				CLANG_ANALYZER_NUMBER_OBJECT_CONVERSION = YES_AGGRESSIVE;
				CLANG_CXX_LANGUAGE_STANDARD = "gnu++14";
				CLANG_CXX_LIBRARY = "libc++";
				CLANG_ENABLE_MODULES = YES;
				CLANG_ENABLE_OBJC_ARC = YES;
				CLANG_WARN_BLOCK_CAPTURE_AUTORELEASING = YES;
				CLANG_WARN_BOOL_CONVERSION = YES;
				CLANG_WARN_COMMA = YES;
				CLANG_WARN_CONSTANT_CONVERSION = YES;
				CLANG_WARN_DIRECT_OBJC_ISA_USAGE = YES_ERROR;
				CLANG_WARN_DOCUMENTATION_COMMENTS = YES;
				CLANG_WARN_EMPTY_BODY = YES;
				CLANG_WARN_ENUM_CONVERSION = YES;
				CLANG_WARN_INFINITE_RECURSION = YES;
				CLANG_WARN_INT_CONVERSION = YES;
				CLANG_WARN_NON_LITERAL_NULL_CONVERSION = YES;
				CLANG_WARN_OBJC_LITERAL_CONVERSION = YES;
				CLANG_WARN_OBJC_ROOT_CLASS = YES_ERROR;
				CLANG_WARN_RANGE_LOOP_ANALYSIS = YES;
				CLANG_WARN_STRICT_PROTOTYPES = YES;
				CLANG_WARN_SUSPICIOUS_MOVE = YES;
				CLANG_WARN_UNGUARDED_AVAILABILITY = YES_AGGRESSIVE;
				CLANG_WARN_UNREACHABLE_CODE = YES;
				CLANG_WARN__DUPLICATE_METHOD_MATCH = YES;
				CODE_SIGN_IDENTITY = "-";
				COPY_PHASE_STRIP = NO;
				DEBUG_INFORMATION_FORMAT = "dwarf-with-dsym";
				ENABLE_NS_ASSERTIONS = NO;
				ENABLE_STRICT_OBJC_MSGSEND = YES;
				GCC_C_LANGUAGE_STANDARD = gnu11;
				GCC_NO_COMMON_BLOCKS = YES;
				GCC_WARN_64_TO_32_BIT_CONVERSION = YES;
				GCC_WARN_ABOUT_RETURN_TYPE = YES_ERROR;
				GCC_WARN_UNDECLARED_SELECTOR = YES;
				GCC_WARN_UNINITIALIZED_AUTOS = YES_AGGRESSIVE;
				GCC_WARN_UNUSED_FUNCTION = YES;
				GCC_WARN_UNUSED_VARIABLE = YES;
				MACOSX_DEPLOYMENT_TARGET = 10.12;
				MTL_ENABLE_DEBUG_INFO = NO;
				SDKROOT = macosx;
			};
			name = Release;
		};
		FAEE0AA5222B15A600CFCC9F /* Debug */ = {
			isa = XCBuildConfiguration;
			buildSettings = {
				CODE_SIGN_STYLE = Automatic;
				PRODUCT_NAME = "$(TARGET_NAME)";
			};
			name = Debug;
		};
		FAEE0AA6222B15A600CFCC9F /* Release */ = {
			isa = XCBuildConfiguration;
			buildSettings = {
				CODE_SIGN_STYLE = Automatic;
				PRODUCT_NAME = "$(TARGET_NAME)";
			};
			name = Release;
		};
/* End XCBuildConfiguration section */

/* Begin XCConfigurationList section */
		FAEE0A98222B15A600CFCC9F /* Build configuration list for PBXProject "Practica4" */ = {
			isa = XCConfigurationList;
			buildConfigurations = (
				FAEE0AA2222B15A600CFCC9F /* Debug */,
				FAEE0AA3222B15A600CFCC9F /* Release */,
			);
			defaultConfigurationIsVisible = 0;
			defaultConfigurationName = Release;
		};
		FAEE0AA4222B15A600CFCC9F /* Build configuration list for PBXNativeTarget "Practica4" */ = {
			isa = XCConfigurationList;
			buildConfigurations = (
				FAEE0AA5222B15A600CFCC9F /* Debug */,
				FAEE0AA6222B15A600CFCC9F /* Release */,
			);
			defaultConfigurationIsVisible = 0;
			defaultConfigurationName = Release;
		};
/* End XCConfigurationList section */
	};
	rootObject = FAEE0A95222B15A600CFCC9F /* Project object */;
}
