// !$*UTF8*$!
{
	archiveVersion = 1;
	classes = {
	};
	objectVersion = 48;
	objects = {

/* Begin PBXBuildFile section */
		FA46591F2252E0FA00EB6F31 /* main.c in Sources */ = {isa = PBXBuildFile; fileRef = FA46591E2252E0FA00EB6F31 /* main.c */; };
		FA4659282252ECDE00EB6F31 /* Actividad2.c in Sources */ = {isa = PBXBuildFile; fileRef = FA4659272252ECDE00EB6F31 /* Actividad2.c */; };
		FA46592B2252F86100EB6F31 /* Actividad2Parte2.c in Sources */ = {isa = PBXBuildFile; fileRef = FA46592A2252F86100EB6F31 /* Actividad2Parte2.c */; };
/* End PBXBuildFile section */

/* Begin PBXCopyFilesBuildPhase section */
		FA4659192252E0FA00EB6F31 /* CopyFiles */ = {
			isa = PBXCopyFilesBuildPhase;
			buildActionMask = 2147483647;
			dstPath = /usr/share/man/man1/;
			dstSubfolderSpec = 0;
			files = (
			);
			runOnlyForDeploymentPostprocessing = 1;
		};
/* End PBXCopyFilesBuildPhase section */

/* Begin PBXFileReference section */
		FA46591B2252E0FA00EB6F31 /* Practica7V2 */ = {isa = PBXFileReference; explicitFileType = "compiled.mach-o.executable"; includeInIndex = 0; path = Practica7V2; sourceTree = BUILT_PRODUCTS_DIR; };
		FA46591E2252E0FA00EB6F31 /* main.c */ = {isa = PBXFileReference; lastKnownFileType = sourcecode.c.c; path = main.c; sourceTree = "<group>"; };
		FA4659252252E1C700EB6F31 /* lista.h */ = {isa = PBXFileReference; lastKnownFileType = sourcecode.c.h; path = lista.h; sourceTree = "<group>"; };
		FA4659262252EBE000EB6F31 /* listacirc.h */ = {isa = PBXFileReference; lastKnownFileType = sourcecode.c.h; path = listacirc.h; sourceTree = "<group>"; };
		FA4659272252ECDE00EB6F31 /* Actividad2.c */ = {isa = PBXFileReference; lastKnownFileType = sourcecode.c.c; path = Actividad2.c; sourceTree = "<group>"; };
		FA4659292252F5CA00EB6F31 /* listacircAuto.h */ = {isa = PBXFileReference; lastKnownFileType = sourcecode.c.h; path = listacircAuto.h; sourceTree = "<group>"; };
		FA46592A2252F86100EB6F31 /* Actividad2Parte2.c */ = {isa = PBXFileReference; lastKnownFileType = sourcecode.c.c; path = Actividad2Parte2.c; sourceTree = "<group>"; };
/* End PBXFileReference section */

/* Begin PBXFrameworksBuildPhase section */
		FA4659182252E0FA00EB6F31 /* Frameworks */ = {
			isa = PBXFrameworksBuildPhase;
			buildActionMask = 2147483647;
			files = (
			);
			runOnlyForDeploymentPostprocessing = 0;
		};
/* End PBXFrameworksBuildPhase section */

/* Begin PBXGroup section */
		FA4659122252E0FA00EB6F31 = {
			isa = PBXGroup;
			children = (
				FA46591D2252E0FA00EB6F31 /* Practica7V2 */,
				FA46591C2252E0FA00EB6F31 /* Products */,
			);
			sourceTree = "<group>";
		};
		FA46591C2252E0FA00EB6F31 /* Products */ = {
			isa = PBXGroup;
			children = (
				FA46591B2252E0FA00EB6F31 /* Practica7V2 */,
			);
			name = Products;
			sourceTree = "<group>";
		};
		FA46591D2252E0FA00EB6F31 /* Practica7V2 */ = {
			isa = PBXGroup;
			children = (
				FA4659252252E1C700EB6F31 /* lista.h */,
				FA46591E2252E0FA00EB6F31 /* main.c */,
				FA4659262252EBE000EB6F31 /* listacirc.h */,
				FA4659272252ECDE00EB6F31 /* Actividad2.c */,
				FA4659292252F5CA00EB6F31 /* listacircAuto.h */,
				FA46592A2252F86100EB6F31 /* Actividad2Parte2.c */,
			);
			path = Practica7V2;
			sourceTree = "<group>";
		};
/* End PBXGroup section */

/* Begin PBXNativeTarget section */
		FA46591A2252E0FA00EB6F31 /* Practica7V2 */ = {
			isa = PBXNativeTarget;
			buildConfigurationList = FA4659222252E0FA00EB6F31 /* Build configuration list for PBXNativeTarget "Practica7V2" */;
			buildPhases = (
				FA4659172252E0FA00EB6F31 /* Sources */,
				FA4659182252E0FA00EB6F31 /* Frameworks */,
				FA4659192252E0FA00EB6F31 /* CopyFiles */,
			);
			buildRules = (
			);
			dependencies = (
			);
			name = Practica7V2;
			productName = Practica7V2;
			productReference = FA46591B2252E0FA00EB6F31 /* Practica7V2 */;
			productType = "com.apple.product-type.tool";
		};
/* End PBXNativeTarget section */

/* Begin PBXProject section */
		FA4659132252E0FA00EB6F31 /* Project object */ = {
			isa = PBXProject;
			attributes = {
				LastUpgradeCheck = 0910;
				ORGANIZATIONNAME = "Gomez Luna Alejandro";
				TargetAttributes = {
					FA46591A2252E0FA00EB6F31 = {
						CreatedOnToolsVersion = 9.1;
						ProvisioningStyle = Automatic;
					};
				};
			};
			buildConfigurationList = FA4659162252E0FA00EB6F31 /* Build configuration list for PBXProject "Practica7V2" */;
			compatibilityVersion = "Xcode 8.0";
			developmentRegion = en;
			hasScannedForEncodings = 0;
			knownRegions = (
				en,
			);
			mainGroup = FA4659122252E0FA00EB6F31;
			productRefGroup = FA46591C2252E0FA00EB6F31 /* Products */;
			projectDirPath = "";
			projectRoot = "";
			targets = (
				FA46591A2252E0FA00EB6F31 /* Practica7V2 */,
			);
		};
/* End PBXProject section */

/* Begin PBXSourcesBuildPhase section */
		FA4659172252E0FA00EB6F31 /* Sources */ = {
			isa = PBXSourcesBuildPhase;
			buildActionMask = 2147483647;
			files = (
				FA4659282252ECDE00EB6F31 /* Actividad2.c in Sources */,
				FA46591F2252E0FA00EB6F31 /* main.c in Sources */,
				FA46592B2252F86100EB6F31 /* Actividad2Parte2.c in Sources */,
			);
			runOnlyForDeploymentPostprocessing = 0;
		};
/* End PBXSourcesBuildPhase section */

/* Begin XCBuildConfiguration section */
		FA4659202252E0FA00EB6F31 /* Debug */ = {
			isa = XCBuildConfiguration;
			buildSettings = {
				ALWAYS_SEARCH_USER_PATHS = NO;
				CLANG_ANALYZER_NONNULL = YES;
				CLANG_ANALYZER_NUMBER_OBJECT_CONVERSION = YES_AGGRESSIVE;
				CLANG_CXX_LANGUAGE_STANDARD = "gnu++14";
				CLANG_CXX_LIBRARY = "libc++";
				CLANG_ENABLE_MODULES = YES;
				CLANG_ENABLE_OBJC_ARC = YES;
				CLANG_WARN_BLOCK_CAPTURE_AUTORELEASING = YES;
				CLANG_WARN_BOOL_CONVERSION = YES;
				CLANG_WARN_COMMA = YES;
				CLANG_WARN_CONSTANT_CONVERSION = YES;
				CLANG_WARN_DIRECT_OBJC_ISA_USAGE = YES_ERROR;
				CLANG_WARN_DOCUMENTATION_COMMENTS = YES;
				CLANG_WARN_EMPTY_BODY = YES;
				CLANG_WARN_ENUM_CONVERSION = YES;
				CLANG_WARN_INFINITE_RECURSION = YES;
				CLANG_WARN_INT_CONVERSION = YES;
				CLANG_WARN_NON_LITERAL_NULL_CONVERSION = YES;
				CLANG_WARN_OBJC_LITERAL_CONVERSION = YES;
				CLANG_WARN_OBJC_ROOT_CLASS = YES_ERROR;
				CLANG_WARN_RANGE_LOOP_ANALYSIS = YES;
				CLANG_WARN_STRICT_PROTOTYPES = YES;
				CLANG_WARN_SUSPICIOUS_MOVE = YES;
				CLANG_WARN_UNGUARDED_AVAILABILITY = YES_AGGRESSIVE;
				CLANG_WARN_UNREACHABLE_CODE = YES;
				CLANG_WARN__DUPLICATE_METHOD_MATCH = YES;
				CODE_SIGN_IDENTITY = "-";
				COPY_PHASE_STRIP = NO;
				DEBUG_INFORMATION_FORMAT = dwarf;
				ENABLE_STRICT_OBJC_MSGSEND = YES;
				ENABLE_TESTABILITY = YES;
				GCC_C_LANGUAGE_STANDARD = gnu11;
				GCC_DYNAMIC_NO_PIC = NO;
				GCC_NO_COMMON_BLOCKS = YES;
				GCC_OPTIMIZATION_LEVEL = 0;
				GCC_PREPROCESSOR_DEFINITIONS = (
					"DEBUG=1",
					"$(inherited)",
				);
				GCC_WARN_64_TO_32_BIT_CONVERSION = YES;
				GCC_WARN_ABOUT_RETURN_TYPE = YES_ERROR;
				GCC_WARN_UNDECLARED_SELECTOR = YES;
				GCC_WARN_UNINITIALIZED_AUTOS = YES_AGGRESSIVE;
				GCC_WARN_UNUSED_FUNCTION = YES;
				GCC_WARN_UNUSED_VARIABLE = YES;
				MACOSX_DEPLOYMENT_TARGET = 10.12;
				MTL_ENABLE_DEBUG_INFO = YES;
				ONLY_ACTIVE_ARCH = YES;
				SDKROOT = macosx;
			};
			name = Debug;
		};
		FA4659212252E0FA00EB6F31 /* Release */ = {
			isa = XCBuildConfiguration;
			buildSettings = {
				ALWAYS_SEARCH_USER_PATHS = NO;
				CLANG_ANALYZER_NONNULL = YES;
				CLANG_ANALYZER_NUMBER_OBJECT_CONVERSION = YES_AGGRESSIVE;
				CLANG_CXX_LANGUAGE_STANDARD = "gnu++14";
				CLANG_CXX_LIBRARY = "libc++";
				CLANG_ENABLE_MODULES = YES;
				CLANG_ENABLE_OBJC_ARC = YES;
				CLANG_WARN_BLOCK_CAPTURE_AUTORELEASING = YES;
				CLANG_WARN_BOOL_CONVERSION = YES;
				CLANG_WARN_COMMA = YES;
				CLANG_WARN_CONSTANT_CONVERSION = YES;
				CLANG_WARN_DIRECT_OBJC_ISA_USAGE = YES_ERROR;
				CLANG_WARN_DOCUMENTATION_COMMENTS = YES;
				CLANG_WARN_EMPTY_BODY = YES;
				CLANG_WARN_ENUM_CONVERSION = YES;
				CLANG_WARN_INFINITE_RECURSION = YES;
				CLANG_WARN_INT_CONVERSION = YES;
				CLANG_WARN_NON_LITERAL_NULL_CONVERSION = YES;
				CLANG_WARN_OBJC_LITERAL_CONVERSION = YES;
				CLANG_WARN_OBJC_ROOT_CLASS = YES_ERROR;
				CLANG_WARN_RANGE_LOOP_ANALYSIS = YES;
				CLANG_WARN_STRICT_PROTOTYPES = YES;
				CLANG_WARN_SUSPICIOUS_MOVE = YES;
				CLANG_WARN_UNGUARDED_AVAILABILITY = YES_AGGRESSIVE;
				CLANG_WARN_UNREACHABLE_CODE = YES;
				CLANG_WARN__DUPLICATE_METHOD_MATCH = YES;
				CODE_SIGN_IDENTITY = "-";
				COPY_PHASE_STRIP = NO;
				DEBUG_INFORMATION_FORMAT = "dwarf-with-dsym";
				ENABLE_NS_ASSERTIONS = NO;
				ENABLE_STRICT_OBJC_MSGSEND = YES;
				GCC_C_LANGUAGE_STANDARD = gnu11;
				GCC_NO_COMMON_BLOCKS = YES;
				GCC_WARN_64_TO_32_BIT_CONVERSION = YES;
				GCC_WARN_ABOUT_RETURN_TYPE = YES_ERROR;
				GCC_WARN_UNDECLARED_SELECTOR = YES;
				GCC_WARN_UNINITIALIZED_AUTOS = YES_AGGRESSIVE;
				GCC_WARN_UNUSED_FUNCTION = YES;
				GCC_WARN_UNUSED_VARIABLE = YES;
				MACOSX_DEPLOYMENT_TARGET = 10.12;
				MTL_ENABLE_DEBUG_INFO = NO;
				SDKROOT = macosx;
			};
			name = Release;
		};
		FA4659232252E0FA00EB6F31 /* Debug */ = {
			isa = XCBuildConfiguration;
			buildSettings = {
				CODE_SIGN_STYLE = Automatic;
				PRODUCT_NAME = "$(TARGET_NAME)";
			};
			name = Debug;
		};
		FA4659242252E0FA00EB6F31 /* Release */ = {
			isa = XCBuildConfiguration;
			buildSettings = {
				CODE_SIGN_STYLE = Automatic;
				PRODUCT_NAME = "$(TARGET_NAME)";
			};
			name = Release;
		};
/* End XCBuildConfiguration section */

/* Begin XCConfigurationList section */
		FA4659162252E0FA00EB6F31 /* Build configuration list for PBXProject "Practica7V2" */ = {
			isa = XCConfigurationList;
			buildConfigurations = (
				FA4659202252E0FA00EB6F31 /* Debug */,
				FA4659212252E0FA00EB6F31 /* Release */,
			);
			defaultConfigurationIsVisible = 0;
			defaultConfigurationName = Release;
		};
		FA4659222252E0FA00EB6F31 /* Build configuration list for PBXNativeTarget "Practica7V2" */ = {
			isa = XCConfigurationList;
			buildConfigurations = (
				FA4659232252E0FA00EB6F31 /* Debug */,
				FA4659242252E0FA00EB6F31 /* Release */,
			);
			defaultConfigurationIsVisible = 0;
			defaultConfigurationName = Release;
		};
/* End XCConfigurationList section */
	};
	rootObject = FA4659132252E0FA00EB6F31 /* Project object */;
}
